
Microsoft Visual Studio Solution File, Format Version 12.00
# Visual Studio 15
VisualStudioVersion = 15.0.27703.2047
MinimumVisualStudioVersion = 10.0.40219.1
Project("{2150E333-8FDC-42A3-9474-1A3956D46DE8}") = "0- Presentatio", "0- Presentatio", "{968DFFB2-537C-48FF-ADDF-DB1F9C89352F}"
EndProject
Project("{2150E333-8FDC-42A3-9474-1A3956D46DE8}") = "1- Application", "1- Application", "{DDA2A44F-EA12-4275-8BDC-4D0DE923A9DB}"
EndProject
Project("{2150E333-8FDC-42A3-9474-1A3956D46DE8}") = "2- Service", "2- Service", "{DD4A7C62-8A91-46D8-8CC9-78A92825217E}"
EndProject
Project("{2150E333-8FDC-42A3-9474-1A3956D46DE8}") = "3- Domain", "3- Domain", "{1F17A6DF-8EF5-48BD-909B-21693DEBDE38}"
EndProject
Project("{2150E333-8FDC-42A3-9474-1A3956D46DE8}") = "4- Infra", "4- Infra", "{FFD8D32E-92DB-4528-A5A1-D14B42D7336A}"
EndProject
Project("{FAE04EC0-301F-11D3-BF4B-00C04F79EFBC}") = "Domain", "Domain\Domain.csproj", "{8ADE6B13-7912-4D9B-80B3-B42C5EE0A8F3}"
EndProject
Global
	GlobalSection(SolutionConfigurationPlatforms) = preSolution
		Debug|Any CPU = Debug|Any CPU
		Release|Any CPU = Release|Any CPU
	EndGlobalSection
	GlobalSection(ProjectConfigurationPlatforms) = postSolution
		{8ADE6B13-7912-4D9B-80B3-B42C5EE0A8F3}.Debug|Any CPU.ActiveCfg = Debug|Any CPU
		{8ADE6B13-7912-4D9B-80B3-B42C5EE0A8F3}.Debug|Any CPU.Build.0 = Debug|Any CPU
		{8ADE6B13-7912-4D9B-80B3-B42C5EE0A8F3}.Release|Any CPU.ActiveCfg = Release|Any CPU
		{8ADE6B13-7912-4D9B-80B3-B42C5EE0A8F3}.Release|Any CPU.Build.0 = Release|Any CPU
	EndGlobalSection
	GlobalSection(SolutionProperties) = preSolution
		HideSolutionNode = FALSE
	EndGlobalSection
	GlobalSection(NestedProjects) = preSolution
		{8ADE6B13-7912-4D9B-80B3-B42C5EE0A8F3} = {1F17A6DF-8EF5-48BD-909B-21693DEBDE38}
	EndGlobalSection
	GlobalSection(ExtensibilityGlobals) = postSolution
		SolutionGuid = {E273FBC7-BBF0-42E0-9DEF-BF5BD577849C}
	EndGlobalSection
EndGlobal
